
Microsoft Visual Studio Solution File, Format Version 12.00
# Visual Studio Version 17
VisualStudioVersion = 17.10.34916.146
MinimumVisualStudioVersion = 10.0.40219.1
Project("{FAE04EC0-301F-11D3-BF4B-00C04F79EFBC}") = "MotionBlurFilter", "MotionBlurFilter\MotionBlurFilter.csproj", "{A4F8CEB0-90DD-4973-81A8-D33B023E3D3B}"
	ProjectSection(ProjectDependencies) = postProject
		{29B9F1EB-1E8F-47FC-A7D4-D182B3C74735} = {29B9F1EB-1E8F-47FC-A7D4-D182B3C74735}
		{F26C4BD1-2A1E-4EE4-B4F7-F595C25E65DC} = {F26C4BD1-2A1E-4EE4-B4F7-F595C25E65DC}
	EndProjectSection
EndProject
Project("{8BC9CEB8-8B4A-11D0-8D11-00A0C91BC942}") = "MotionBlurASM", "MotionBlurASM\MotionBlurASM.vcxproj", "{29B9F1EB-1E8F-47FC-A7D4-D182B3C74735}"
EndProject
Project("{8BC9CEB8-8B4A-11D0-8D11-00A0C91BC942}") = "MotionBlurC", "MotionBlurC\MotionBlurC.vcxproj", "{F26C4BD1-2A1E-4EE4-B4F7-F595C25E65DC}"
EndProject
Global
	GlobalSection(SolutionConfigurationPlatforms) = preSolution
		Debug|Any CPU = Debug|Any CPU
		Debug|x64 = Debug|x64
		Debug|x86 = Debug|x86
		Release|Any CPU = Release|Any CPU
		Release|x64 = Release|x64
		Release|x86 = Release|x86
	EndGlobalSection
	GlobalSection(ProjectConfigurationPlatforms) = postSolution
		{A4F8CEB0-90DD-4973-81A8-D33B023E3D3B}.Debug|Any CPU.ActiveCfg = Debug|x64
		{A4F8CEB0-90DD-4973-81A8-D33B023E3D3B}.Debug|Any CPU.Build.0 = Debug|x64
		{A4F8CEB0-90DD-4973-81A8-D33B023E3D3B}.Debug|x64.ActiveCfg = Debug|x64
		{A4F8CEB0-90DD-4973-81A8-D33B023E3D3B}.Debug|x64.Build.0 = Debug|x64
		{A4F8CEB0-90DD-4973-81A8-D33B023E3D3B}.Debug|x86.ActiveCfg = Debug|Any CPU
		{A4F8CEB0-90DD-4973-81A8-D33B023E3D3B}.Debug|x86.Build.0 = Debug|Any CPU
		{A4F8CEB0-90DD-4973-81A8-D33B023E3D3B}.Release|Any CPU.ActiveCfg = Release|Any CPU
		{A4F8CEB0-90DD-4973-81A8-D33B023E3D3B}.Release|Any CPU.Build.0 = Release|Any CPU
		{A4F8CEB0-90DD-4973-81A8-D33B023E3D3B}.Release|x64.ActiveCfg = Release|Any CPU
		{A4F8CEB0-90DD-4973-81A8-D33B023E3D3B}.Release|x64.Build.0 = Release|Any CPU
		{A4F8CEB0-90DD-4973-81A8-D33B023E3D3B}.Release|x86.ActiveCfg = Release|Any CPU
		{A4F8CEB0-90DD-4973-81A8-D33B023E3D3B}.Release|x86.Build.0 = Release|Any CPU
		{29B9F1EB-1E8F-47FC-A7D4-D182B3C74735}.Debug|Any CPU.ActiveCfg = Debug|x64
		{29B9F1EB-1E8F-47FC-A7D4-D182B3C74735}.Debug|Any CPU.Build.0 = Debug|x64
		{29B9F1EB-1E8F-47FC-A7D4-D182B3C74735}.Debug|x64.ActiveCfg = Debug|x64
		{29B9F1EB-1E8F-47FC-A7D4-D182B3C74735}.Debug|x64.Build.0 = Debug|x64
		{29B9F1EB-1E8F-47FC-A7D4-D182B3C74735}.Debug|x86.ActiveCfg = Debug|Win32
		{29B9F1EB-1E8F-47FC-A7D4-D182B3C74735}.Debug|x86.Build.0 = Debug|Win32
		{29B9F1EB-1E8F-47FC-A7D4-D182B3C74735}.Release|Any CPU.ActiveCfg = Release|x64
		{29B9F1EB-1E8F-47FC-A7D4-D182B3C74735}.Release|Any CPU.Build.0 = Release|x64
		{29B9F1EB-1E8F-47FC-A7D4-D182B3C74735}.Release|x64.ActiveCfg = Release|x64
		{29B9F1EB-1E8F-47FC-A7D4-D182B3C74735}.Release|x64.Build.0 = Release|x64
		{29B9F1EB-1E8F-47FC-A7D4-D182B3C74735}.Release|x86.ActiveCfg = Release|Win32
		{29B9F1EB-1E8F-47FC-A7D4-D182B3C74735}.Release|x86.Build.0 = Release|Win32
		{F26C4BD1-2A1E-4EE4-B4F7-F595C25E65DC}.Debug|Any CPU.ActiveCfg = Debug|x64
		{F26C4BD1-2A1E-4EE4-B4F7-F595C25E65DC}.Debug|Any CPU.Build.0 = Debug|x64
		{F26C4BD1-2A1E-4EE4-B4F7-F595C25E65DC}.Debug|x64.ActiveCfg = Debug|x64
		{F26C4BD1-2A1E-4EE4-B4F7-F595C25E65DC}.Debug|x64.Build.0 = Debug|x64
		{F26C4BD1-2A1E-4EE4-B4F7-F595C25E65DC}.Debug|x86.ActiveCfg = Debug|Win32
		{F26C4BD1-2A1E-4EE4-B4F7-F595C25E65DC}.Debug|x86.Build.0 = Debug|Win32
		{F26C4BD1-2A1E-4EE4-B4F7-F595C25E65DC}.Release|Any CPU.ActiveCfg = Release|x64
		{F26C4BD1-2A1E-4EE4-B4F7-F595C25E65DC}.Release|Any CPU.Build.0 = Release|x64
		{F26C4BD1-2A1E-4EE4-B4F7-F595C25E65DC}.Release|x64.ActiveCfg = Release|x64
		{F26C4BD1-2A1E-4EE4-B4F7-F595C25E65DC}.Release|x64.Build.0 = Release|x64
		{F26C4BD1-2A1E-4EE4-B4F7-F595C25E65DC}.Release|x86.ActiveCfg = Release|Win32
		{F26C4BD1-2A1E-4EE4-B4F7-F595C25E65DC}.Release|x86.Build.0 = Release|Win32
	EndGlobalSection
	GlobalSection(SolutionProperties) = preSolution
		HideSolutionNode = FALSE
	EndGlobalSection
	GlobalSection(ExtensibilityGlobals) = postSolution
		SolutionGuid = {B8D22C6D-BB13-4CCF-AA75-4DCA6156B6EB}
	EndGlobalSection
EndGlobal
